
Microsoft Visual Studio Solution File, Format Version 12.00
# Visual Studio Version 17
VisualStudioVersion = 17.8.34212.112
MinimumVisualStudioVersion = 10.0.40219.1
Project("{9A19103F-16F7-4668-BE54-9A1E7A4F7556}") = "Travela.EntityLayer", "Travela.EntityLayer\Travela.EntityLayer.csproj", "{87444F2D-7803-42A8-B276-5C201CDC87E8}"
EndProject
Project("{9A19103F-16F7-4668-BE54-9A1E7A4F7556}") = "Travela.DataAccessLayer", "Travela.DataAccessLayer\Travela.DataAccessLayer.csproj", "{BE7A88A1-AD7B-4875-BD40-96EF9969886D}"
EndProject
Project("{9A19103F-16F7-4668-BE54-9A1E7A4F7556}") = "Travela.BusinessLayer", "Travela.BusinessLayer\Travela.BusinessLayer.csproj", "{6BAE8E7D-B695-4234-A571-A1C4F4DB27CB}"
EndProject
Project("{9A19103F-16F7-4668-BE54-9A1E7A4F7556}") = "Travela.WebApi", "Travela.WebApi\Travela.WebApi.csproj", "{1110A711-100E-4D26-B198-A2832CE0732F}"
EndProject
Project("{9A19103F-16F7-4668-BE54-9A1E7A4F7556}") = "Travela.WebUI", "Travela.WebUI\Travela.WebUI.csproj", "{A13B82CA-E676-4316-A3CF-C6072613C59C}"
EndProject
Global
	GlobalSection(SolutionConfigurationPlatforms) = preSolution
		Debug|Any CPU = Debug|Any CPU
		Release|Any CPU = Release|Any CPU
	EndGlobalSection
	GlobalSection(ProjectConfigurationPlatforms) = postSolution
		{87444F2D-7803-42A8-B276-5C201CDC87E8}.Debug|Any CPU.ActiveCfg = Debug|Any CPU
		{87444F2D-7803-42A8-B276-5C201CDC87E8}.Debug|Any CPU.Build.0 = Debug|Any CPU
		{87444F2D-7803-42A8-B276-5C201CDC87E8}.Release|Any CPU.ActiveCfg = Release|Any CPU
		{87444F2D-7803-42A8-B276-5C201CDC87E8}.Release|Any CPU.Build.0 = Release|Any CPU
		{BE7A88A1-AD7B-4875-BD40-96EF9969886D}.Debug|Any CPU.ActiveCfg = Debug|Any CPU
		{BE7A88A1-AD7B-4875-BD40-96EF9969886D}.Debug|Any CPU.Build.0 = Debug|Any CPU
		{BE7A88A1-AD7B-4875-BD40-96EF9969886D}.Release|Any CPU.ActiveCfg = Release|Any CPU
		{BE7A88A1-AD7B-4875-BD40-96EF9969886D}.Release|Any CPU.Build.0 = Release|Any CPU
		{6BAE8E7D-B695-4234-A571-A1C4F4DB27CB}.Debug|Any CPU.ActiveCfg = Debug|Any CPU
		{6BAE8E7D-B695-4234-A571-A1C4F4DB27CB}.Debug|Any CPU.Build.0 = Debug|Any CPU
		{6BAE8E7D-B695-4234-A571-A1C4F4DB27CB}.Release|Any CPU.ActiveCfg = Release|Any CPU
		{6BAE8E7D-B695-4234-A571-A1C4F4DB27CB}.Release|Any CPU.Build.0 = Release|Any CPU
		{1110A711-100E-4D26-B198-A2832CE0732F}.Debug|Any CPU.ActiveCfg = Debug|Any CPU
		{1110A711-100E-4D26-B198-A2832CE0732F}.Debug|Any CPU.Build.0 = Debug|Any CPU
		{1110A711-100E-4D26-B198-A2832CE0732F}.Release|Any CPU.ActiveCfg = Release|Any CPU
		{1110A711-100E-4D26-B198-A2832CE0732F}.Release|Any CPU.Build.0 = Release|Any CPU
		{A13B82CA-E676-4316-A3CF-C6072613C59C}.Debug|Any CPU.ActiveCfg = Debug|Any CPU
		{A13B82CA-E676-4316-A3CF-C6072613C59C}.Debug|Any CPU.Build.0 = Debug|Any CPU
		{A13B82CA-E676-4316-A3CF-C6072613C59C}.Release|Any CPU.ActiveCfg = Release|Any CPU
		{A13B82CA-E676-4316-A3CF-C6072613C59C}.Release|Any CPU.Build.0 = Release|Any CPU
	EndGlobalSection
	GlobalSection(SolutionProperties) = preSolution
		HideSolutionNode = FALSE
	EndGlobalSection
	GlobalSection(ExtensibilityGlobals) = postSolution
		SolutionGuid = {5DA46835-DF8A-4BD9-96AB-F055A638122C}
	EndGlobalSection
EndGlobal
